
Microsoft Visual Studio Solution File, Format Version 12.00
# Visual Studio Version 17
VisualStudioVersion = 17.3.32825.248
MinimumVisualStudioVersion = 10.0.40219.1
Project("{FAE04EC0-301F-11D3-BF4B-00C04F79EFBC}") = "Lab5.1", "Lab5.1.csproj", "{40FD175E-A299-4427-97A0-932521F5AD1D}"
EndProject
Global
	GlobalSection(SolutionConfigurationPlatforms) = preSolution
		Debug|Any CPU = Debug|Any CPU
		Release|Any CPU = Release|Any CPU
	EndGlobalSection
	GlobalSection(ProjectConfigurationPlatforms) = postSolution
		{40FD175E-A299-4427-97A0-932521F5AD1D}.Debug|Any CPU.ActiveCfg = Debug|Any CPU
		{40FD175E-A299-4427-97A0-932521F5AD1D}.Debug|Any CPU.Build.0 = Debug|Any CPU
		{40FD175E-A299-4427-97A0-932521F5AD1D}.Release|Any CPU.ActiveCfg = Release|Any CPU
		{40FD175E-A299-4427-97A0-932521F5AD1D}.Release|Any CPU.Build.0 = Release|Any CPU
	EndGlobalSection
	GlobalSection(SolutionProperties) = preSolution
		HideSolutionNode = FALSE
	EndGlobalSection
	GlobalSection(ExtensibilityGlobals) = postSolution
		SolutionGuid = {ECDE6263-7869-4336-B367-BF74392109FC}
	EndGlobalSection
EndGlobal
